
Microsoft Visual Studio Solution File, Format Version 12.00
# Visual Studio 15
VisualStudioVersion = 15.0.27004.2005
MinimumVisualStudioVersion = 10.0.40219.1
Project("{F184B08F-C81C-45F6-A57F-5ABD9991F28F}") = "DataView", "DataView\DataView.vbproj", "{90CFC30C-F265-43ED-8294-4750A594D564}"
EndProject
Global
	GlobalSection(SolutionConfigurationPlatforms) = preSolution
		Debug|Any CPU = Debug|Any CPU
		Release|Any CPU = Release|Any CPU
	EndGlobalSection
	GlobalSection(ProjectConfigurationPlatforms) = postSolution
		{90CFC30C-F265-43ED-8294-4750A594D564}.Debug|Any CPU.ActiveCfg = Debug|Any CPU
		{90CFC30C-F265-43ED-8294-4750A594D564}.Debug|Any CPU.Build.0 = Debug|Any CPU
		{90CFC30C-F265-43ED-8294-4750A594D564}.Release|Any CPU.ActiveCfg = Release|Any CPU
		{90CFC30C-F265-43ED-8294-4750A594D564}.Release|Any CPU.Build.0 = Release|Any CPU
	EndGlobalSection
	GlobalSection(SolutionProperties) = preSolution
		HideSolutionNode = FALSE
	EndGlobalSection
	GlobalSection(ExtensibilityGlobals) = postSolution
		SolutionGuid = {71AA34E7-3FF5-44A8-BDD9-B85287DFBFAA}
	EndGlobalSection
EndGlobal
